
Microsoft Visual Studio Solution File, Format Version 12.00
# Visual Studio Version 17
VisualStudioVersion = 17.4.33213.308
MinimumVisualStudioVersion = 10.0.40219.1
Project("{FAE04EC0-301F-11D3-BF4B-00C04F79EFBC}") = "ABL Parser", "ABL Parser\ABL Parser.csproj", "{1F947D04-EAB2-4E6C-B410-984D151C0EF2}"
EndProject
Project("{FAE04EC0-301F-11D3-BF4B-00C04F79EFBC}") = "ABL Parser Tests", "ABL Parser Tests\ABL Parser Tests.csproj", "{F013DFF6-A085-4C5F-BFC3-DAF07B7488B7}"
EndProject
Global
	GlobalSection(SolutionConfigurationPlatforms) = preSolution
		Debug|Any CPU = Debug|Any CPU
		Release|Any CPU = Release|Any CPU
	EndGlobalSection
	GlobalSection(ProjectConfigurationPlatforms) = postSolution
		{1F947D04-EAB2-4E6C-B410-984D151C0EF2}.Debug|Any CPU.ActiveCfg = Debug|Any CPU
		{1F947D04-EAB2-4E6C-B410-984D151C0EF2}.Debug|Any CPU.Build.0 = Debug|Any CPU
		{1F947D04-EAB2-4E6C-B410-984D151C0EF2}.Release|Any CPU.ActiveCfg = Release|Any CPU
		{1F947D04-EAB2-4E6C-B410-984D151C0EF2}.Release|Any CPU.Build.0 = Release|Any CPU
		{F013DFF6-A085-4C5F-BFC3-DAF07B7488B7}.Debug|Any CPU.ActiveCfg = Debug|Any CPU
		{F013DFF6-A085-4C5F-BFC3-DAF07B7488B7}.Debug|Any CPU.Build.0 = Debug|Any CPU
		{F013DFF6-A085-4C5F-BFC3-DAF07B7488B7}.Release|Any CPU.ActiveCfg = Release|Any CPU
		{F013DFF6-A085-4C5F-BFC3-DAF07B7488B7}.Release|Any CPU.Build.0 = Release|Any CPU
	EndGlobalSection
	GlobalSection(SolutionProperties) = preSolution
		HideSolutionNode = FALSE
	EndGlobalSection
	GlobalSection(ExtensibilityGlobals) = postSolution
		SolutionGuid = {9D63A186-B271-448A-9746-30444C7C4335}
	EndGlobalSection
EndGlobal
